// !$*UTF8*$!
{
	archiveVersion = 1;
	classes = {
	};
	objectVersion = 55;
	objects = {

/* Begin PBXBuildFile section */
		B1CA35D228BBFF6400F98BBB /* HomeView.swift in Sources */ = {isa = PBXBuildFile; fileRef = B1CA35D128BBFF6400F98BBB /* HomeView.swift */; };
		B1CA35D428BBFF6800F98BBB /* Assets.xcassets in Resources */ = {isa = PBXBuildFile; fileRef = B1CA35D328BBFF6800F98BBB /* Assets.xcassets */; };
		B1CA35D728BBFF6800F98BBB /* Preview Assets.xcassets in Resources */ = {isa = PBXBuildFile; fileRef = B1CA35D628BBFF6800F98BBB /* Preview Assets.xcassets */; };
		B1CA35DE28BC002D00F98BBB /* Learning_App.swift in Sources */ = {isa = PBXBuildFile; fileRef = B1CA35DD28BC002D00F98BBB /* Learning_App.swift */; };
		B1CA35E528BC00D800F98BBB /* ContentModel.swift in Sources */ = {isa = PBXBuildFile; fileRef = B1CA35E428BC00D800F98BBB /* ContentModel.swift */; };
		B1CA35E828BC047700F98BBB /* data.json in Resources */ = {isa = PBXBuildFile; fileRef = B1CA35E628BC047700F98BBB /* data.json */; };
		B1CA35E928BC047700F98BBB /* style.html in Resources */ = {isa = PBXBuildFile; fileRef = B1CA35E728BC047700F98BBB /* style.html */; };
		B1CA35EB28BC06C100F98BBB /* Models.swift in Sources */ = {isa = PBXBuildFile; fileRef = B1CA35EA28BC06C100F98BBB /* Models.swift */; };
/* End PBXBuildFile section */

/* Begin PBXFileReference section */
		B1CA35CC28BBFF6400F98BBB /* Learning-App.app */ = {isa = PBXFileReference; explicitFileType = wrapper.application; includeInIndex = 0; path = "Learning-App.app"; sourceTree = BUILT_PRODUCTS_DIR; };
		B1CA35D128BBFF6400F98BBB /* HomeView.swift */ = {isa = PBXFileReference; lastKnownFileType = sourcecode.swift; path = HomeView.swift; sourceTree = "<group>"; };
		B1CA35D328BBFF6800F98BBB /* Assets.xcassets */ = {isa = PBXFileReference; lastKnownFileType = folder.assetcatalog; path = Assets.xcassets; sourceTree = "<group>"; };
		B1CA35D628BBFF6800F98BBB /* Preview Assets.xcassets */ = {isa = PBXFileReference; lastKnownFileType = folder.assetcatalog; path = "Preview Assets.xcassets"; sourceTree = "<group>"; };
		B1CA35DD28BC002D00F98BBB /* Learning_App.swift */ = {isa = PBXFileReference; lastKnownFileType = sourcecode.swift; path = Learning_App.swift; sourceTree = "<group>"; };
		B1CA35E428BC00D800F98BBB /* ContentModel.swift */ = {isa = PBXFileReference; lastKnownFileType = sourcecode.swift; path = ContentModel.swift; sourceTree = "<group>"; };
		B1CA35E628BC047700F98BBB /* data.json */ = {isa = PBXFileReference; fileEncoding = 4; lastKnownFileType = text.json; path = data.json; sourceTree = "<group>"; };
		B1CA35E728BC047700F98BBB /* style.html */ = {isa = PBXFileReference; fileEncoding = 4; lastKnownFileType = text.html; path = style.html; sourceTree = "<group>"; };
		B1CA35EA28BC06C100F98BBB /* Models.swift */ = {isa = PBXFileReference; lastKnownFileType = sourcecode.swift; path = Models.swift; sourceTree = "<group>"; };
/* End PBXFileReference section */

/* Begin PBXFrameworksBuildPhase section */
		B1CA35C928BBFF6400F98BBB /* Frameworks */ = {
			isa = PBXFrameworksBuildPhase;
			buildActionMask = 2147483647;
			files = (
			);
			runOnlyForDeploymentPostprocessing = 0;
		};
/* End PBXFrameworksBuildPhase section */

/* Begin PBXGroup section */
		B1CA35C328BBFF6400F98BBB = {
			isa = PBXGroup;
			children = (
				B1CA35CE28BBFF6400F98BBB /* Learning-App */,
				B1CA35CD28BBFF6400F98BBB /* Products */,
			);
			sourceTree = "<group>";
		};
		B1CA35CD28BBFF6400F98BBB /* Products */ = {
			isa = PBXGroup;
			children = (
				B1CA35CC28BBFF6400F98BBB /* Learning-App.app */,
			);
			name = Products;
			sourceTree = "<group>";
		};
		B1CA35CE28BBFF6400F98BBB /* Learning-App */ = {
			isa = PBXGroup;
			children = (
				B1CA35DD28BC002D00F98BBB /* Learning_App.swift */,
				B1CA35E328BC00AC00F98BBB /* Views */,
				B1CA35E228BC00A600F98BBB /* ViewModels */,
				B1CA35E128BC009A00F98BBB /* Models */,
				B1CA35E028BC009100F98BBB /* Resources */,
				B1CA35DF28BC008700F98BBB /* Helpers */,
				B1CA35D328BBFF6800F98BBB /* Assets.xcassets */,
				B1CA35D528BBFF6800F98BBB /* Preview Content */,
			);
			path = "Learning-App";
			sourceTree = "<group>";
		};
		B1CA35D528BBFF6800F98BBB /* Preview Content */ = {
			isa = PBXGroup;
			children = (
				B1CA35D628BBFF6800F98BBB /* Preview Assets.xcassets */,
			);
			path = "Preview Content";
			sourceTree = "<group>";
		};
		B1CA35DF28BC008700F98BBB /* Helpers */ = {
			isa = PBXGroup;
			children = (
			);
			path = Helpers;
			sourceTree = "<group>";
		};
		B1CA35E028BC009100F98BBB /* Resources */ = {
			isa = PBXGroup;
			children = (
				B1CA35E628BC047700F98BBB /* data.json */,
				B1CA35E728BC047700F98BBB /* style.html */,
			);
			path = Resources;
			sourceTree = "<group>";
		};
		B1CA35E128BC009A00F98BBB /* Models */ = {
			isa = PBXGroup;
			children = (
				B1CA35EA28BC06C100F98BBB /* Models.swift */,
			);
			path = Models;
			sourceTree = "<group>";
		};
		B1CA35E228BC00A600F98BBB /* ViewModels */ = {
			isa = PBXGroup;
			children = (
				B1CA35E428BC00D800F98BBB /* ContentModel.swift */,
			);
			path = ViewModels;
			sourceTree = "<group>";
		};
		B1CA35E328BC00AC00F98BBB /* Views */ = {
			isa = PBXGroup;
			children = (
				B1CA35D128BBFF6400F98BBB /* HomeView.swift */,
			);
			path = Views;
			sourceTree = "<group>";
		};
/* End PBXGroup section */

/* Begin PBXNativeTarget section */
		B1CA35CB28BBFF6400F98BBB /* Learning-App */ = {
			isa = PBXNativeTarget;
			buildConfigurationList = B1CA35DA28BBFF6800F98BBB /* Build configuration list for PBXNativeTarget "Learning-App" */;
			buildPhases = (
				B1CA35C828BBFF6400F98BBB /* Sources */,
				B1CA35C928BBFF6400F98BBB /* Frameworks */,
				B1CA35CA28BBFF6400F98BBB /* Resources */,
			);
			buildRules = (
			);
			dependencies = (
			);
			name = "Learning-App";
			productName = "Learning-App";
			productReference = B1CA35CC28BBFF6400F98BBB /* Learning-App.app */;
			productType = "com.apple.product-type.application";
		};
/* End PBXNativeTarget section */

/* Begin PBXProject section */
		B1CA35C428BBFF6400F98BBB /* Project object */ = {
			isa = PBXProject;
			attributes = {
				BuildIndependentTargetsInParallel = 1;
				LastSwiftUpdateCheck = 1340;
				LastUpgradeCheck = 1340;
				TargetAttributes = {
					B1CA35CB28BBFF6400F98BBB = {
						CreatedOnToolsVersion = 13.4.1;
					};
				};
			};
			buildConfigurationList = B1CA35C728BBFF6400F98BBB /* Build configuration list for PBXProject "Learning-App" */;
			compatibilityVersion = "Xcode 13.0";
			developmentRegion = en;
			hasScannedForEncodings = 0;
			knownRegions = (
				en,
				Base,
			);
			mainGroup = B1CA35C328BBFF6400F98BBB;
			productRefGroup = B1CA35CD28BBFF6400F98BBB /* Products */;
			projectDirPath = "";
			projectRoot = "";
			targets = (
				B1CA35CB28BBFF6400F98BBB /* Learning-App */,
			);
		};
/* End PBXProject section */

/* Begin PBXResourcesBuildPhase section */
		B1CA35CA28BBFF6400F98BBB /* Resources */ = {
			isa = PBXResourcesBuildPhase;
			buildActionMask = 2147483647;
			files = (
				B1CA35D728BBFF6800F98BBB /* Preview Assets.xcassets in Resources */,
				B1CA35E828BC047700F98BBB /* data.json in Resources */,
				B1CA35E928BC047700F98BBB /* style.html in Resources */,
				B1CA35D428BBFF6800F98BBB /* Assets.xcassets in Resources */,
			);
			runOnlyForDeploymentPostprocessing = 0;
		};
/* End PBXResourcesBuildPhase section */

/* Begin PBXSourcesBuildPhase section */
		B1CA35C828BBFF6400F98BBB /* Sources */ = {
			isa = PBXSourcesBuildPhase;
			buildActionMask = 2147483647;
			files = (
				B1CA35D228BBFF6400F98BBB /* HomeView.swift in Sources */,
				B1CA35DE28BC002D00F98BBB /* Learning_App.swift in Sources */,
				B1CA35E528BC00D800F98BBB /* ContentModel.swift in Sources */,
				B1CA35EB28BC06C100F98BBB /* Models.swift in Sources */,
			);
			runOnlyForDeploymentPostprocessing = 0;
		};
/* End PBXSourcesBuildPhase section */

/* Begin XCBuildConfiguration section */
		B1CA35D828BBFF6800F98BBB /* Debug */ = {
			isa = XCBuildConfiguration;
			buildSettings = {
				ALWAYS_SEARCH_USER_PATHS = NO;
				CLANG_ANALYZER_NONNULL = YES;
				CLANG_ANALYZER_NUMBER_OBJECT_CONVERSION = YES_AGGRESSIVE;
				CLANG_CXX_LANGUAGE_STANDARD = "gnu++17";
				CLANG_ENABLE_MODULES = YES;
				CLANG_ENABLE_OBJC_ARC = YES;
				CLANG_ENABLE_OBJC_WEAK = YES;
				CLANG_WARN_BLOCK_CAPTURE_AUTORELEASING = YES;
				CLANG_WARN_BOOL_CONVERSION = YES;
				CLANG_WARN_COMMA = YES;
				CLANG_WARN_CONSTANT_CONVERSION = YES;
				CLANG_WARN_DEPRECATED_OBJC_IMPLEMENTATIONS = YES;
				CLANG_WARN_DIRECT_OBJC_ISA_USAGE = YES_ERROR;
				CLANG_WARN_DOCUMENTATION_COMMENTS = YES;
				CLANG_WARN_EMPTY_BODY = YES;
				CLANG_WARN_ENUM_CONVERSION = YES;
				CLANG_WARN_INFINITE_RECURSION = YES;
				CLANG_WARN_INT_CONVERSION = YES;
				CLANG_WARN_NON_LITERAL_NULL_CONVERSION = YES;
				CLANG_WARN_OBJC_IMPLICIT_RETAIN_SELF = YES;
				CLANG_WARN_OBJC_LITERAL_CONVERSION = YES;
				CLANG_WARN_OBJC_ROOT_CLASS = YES_ERROR;
				CLANG_WARN_QUOTED_INCLUDE_IN_FRAMEWORK_HEADER = YES;
				CLANG_WARN_RANGE_LOOP_ANALYSIS = YES;
				CLANG_WARN_STRICT_PROTOTYPES = YES;
				CLANG_WARN_SUSPICIOUS_MOVE = YES;
				CLANG_WARN_UNGUARDED_AVAILABILITY = YES_AGGRESSIVE;
				CLANG_WARN_UNREACHABLE_CODE = YES;
				CLANG_WARN__DUPLICATE_METHOD_MATCH = YES;
				COPY_PHASE_STRIP = NO;
				DEBUG_INFORMATION_FORMAT = dwarf;
				ENABLE_STRICT_OBJC_MSGSEND = YES;
				ENABLE_TESTABILITY = YES;
				GCC_C_LANGUAGE_STANDARD = gnu11;
				GCC_DYNAMIC_NO_PIC = NO;
				GCC_NO_COMMON_BLOCKS = YES;
				GCC_OPTIMIZATION_LEVEL = 0;
				GCC_PREPROCESSOR_DEFINITIONS = (
					"DEBUG=1",
					"$(inherited)",
				);
				GCC_WARN_64_TO_32_BIT_CONVERSION = YES;
				GCC_WARN_ABOUT_RETURN_TYPE = YES_ERROR;
				GCC_WARN_UNDECLARED_SELECTOR = YES;
				GCC_WARN_UNINITIALIZED_AUTOS = YES_AGGRESSIVE;
				GCC_WARN_UNUSED_FUNCTION = YES;
				GCC_WARN_UNUSED_VARIABLE = YES;
				IPHONEOS_DEPLOYMENT_TARGET = 15.5;
				MTL_ENABLE_DEBUG_INFO = INCLUDE_SOURCE;
				MTL_FAST_MATH = YES;
				ONLY_ACTIVE_ARCH = YES;
				SDKROOT = iphoneos;
				SWIFT_ACTIVE_COMPILATION_CONDITIONS = DEBUG;
				SWIFT_OPTIMIZATION_LEVEL = "-Onone";
			};
			name = Debug;
		};
		B1CA35D928BBFF6800F98BBB /* Release */ = {
			isa = XCBuildConfiguration;
			buildSettings = {
				ALWAYS_SEARCH_USER_PATHS = NO;
				CLANG_ANALYZER_NONNULL = YES;
				CLANG_ANALYZER_NUMBER_OBJECT_CONVERSION = YES_AGGRESSIVE;
				CLANG_CXX_LANGUAGE_STANDARD = "gnu++17";
				CLANG_ENABLE_MODULES = YES;
				CLANG_ENABLE_OBJC_ARC = YES;
				CLANG_ENABLE_OBJC_WEAK = YES;
				CLANG_WARN_BLOCK_CAPTURE_AUTORELEASING = YES;
				CLANG_WARN_BOOL_CONVERSION = YES;
				CLANG_WARN_COMMA = YES;
				CLANG_WARN_CONSTANT_CONVERSION = YES;
				CLANG_WARN_DEPRECATED_OBJC_IMPLEMENTATIONS = YES;
				CLANG_WARN_DIRECT_OBJC_ISA_USAGE = YES_ERROR;
				CLANG_WARN_DOCUMENTATION_COMMENTS = YES;
				CLANG_WARN_EMPTY_BODY = YES;
				CLANG_WARN_ENUM_CONVERSION = YES;
				CLANG_WARN_INFINITE_RECURSION = YES;
				CLANG_WARN_INT_CONVERSION = YES;
				CLANG_WARN_NON_LITERAL_NULL_CONVERSION = YES;
				CLANG_WARN_OBJC_IMPLICIT_RETAIN_SELF = YES;
				CLANG_WARN_OBJC_LITERAL_CONVERSION = YES;
				CLANG_WARN_OBJC_ROOT_CLASS = YES_ERROR;
				CLANG_WARN_QUOTED_INCLUDE_IN_FRAMEWORK_HEADER = YES;
				CLANG_WARN_RANGE_LOOP_ANALYSIS = YES;
				CLANG_WARN_STRICT_PROTOTYPES = YES;
				CLANG_WARN_SUSPICIOUS_MOVE = YES;
				CLANG_WARN_UNGUARDED_AVAILABILITY = YES_AGGRESSIVE;
				CLANG_WARN_UNREACHABLE_CODE = YES;
				CLANG_WARN__DUPLICATE_METHOD_MATCH = YES;
				COPY_PHASE_STRIP = NO;
				DEBUG_INFORMATION_FORMAT = "dwarf-with-dsym";
				ENABLE_NS_ASSERTIONS = NO;
				ENABLE_STRICT_OBJC_MSGSEND = YES;
				GCC_C_LANGUAGE_STANDARD = gnu11;
				GCC_NO_COMMON_BLOCKS = YES;
				GCC_WARN_64_TO_32_BIT_CONVERSION = YES;
				GCC_WARN_ABOUT_RETURN_TYPE = YES_ERROR;
				GCC_WARN_UNDECLARED_SELECTOR = YES;
				GCC_WARN_UNINITIALIZED_AUTOS = YES_AGGRESSIVE;
				GCC_WARN_UNUSED_FUNCTION = YES;
				GCC_WARN_UNUSED_VARIABLE = YES;
				IPHONEOS_DEPLOYMENT_TARGET = 15.5;
				MTL_ENABLE_DEBUG_INFO = NO;
				MTL_FAST_MATH = YES;
				SDKROOT = iphoneos;
				SWIFT_COMPILATION_MODE = wholemodule;
				SWIFT_OPTIMIZATION_LEVEL = "-O";
				VALIDATE_PRODUCT = YES;
			};
			name = Release;
		};
		B1CA35DB28BBFF6800F98BBB /* Debug */ = {
			isa = XCBuildConfiguration;
			buildSettings = {
				ASSETCATALOG_COMPILER_APPICON_NAME = AppIcon;
				ASSETCATALOG_COMPILER_GLOBAL_ACCENT_COLOR_NAME = AccentColor;
				CODE_SIGN_STYLE = Automatic;
				CURRENT_PROJECT_VERSION = 1;
				DEVELOPMENT_ASSET_PATHS = "\"Learning-App/Preview Content\"";
				DEVELOPMENT_TEAM = P775YD9KLQ;
				ENABLE_PREVIEWS = YES;
				GENERATE_INFOPLIST_FILE = YES;
				INFOPLIST_KEY_UIApplicationSceneManifest_Generation = YES;
				INFOPLIST_KEY_UIApplicationSupportsIndirectInputEvents = YES;
				INFOPLIST_KEY_UILaunchScreen_Generation = YES;
				INFOPLIST_KEY_UISupportedInterfaceOrientations_iPad = "UIInterfaceOrientationPortrait UIInterfaceOrientationPortraitUpsideDown UIInterfaceOrientationLandscapeLeft UIInterfaceOrientationLandscapeRight";
				INFOPLIST_KEY_UISupportedInterfaceOrientations_iPhone = "UIInterfaceOrientationPortrait UIInterfaceOrientationLandscapeLeft UIInterfaceOrientationLandscapeRight";
				LD_RUNPATH_SEARCH_PATHS = (
					"$(inherited)",
					"@executable_path/Frameworks",
				);
				MARKETING_VERSION = 1.0;
				PRODUCT_BUNDLE_IDENTIFIER = "com.prishaanand.Learning-App";
				PRODUCT_NAME = "$(TARGET_NAME)";
				SWIFT_EMIT_LOC_STRINGS = YES;
				SWIFT_VERSION = 5.0;
				TARGETED_DEVICE_FAMILY = "1,2";
			};
			name = Debug;
		};
		B1CA35DC28BBFF6800F98BBB /* Release */ = {
			isa = XCBuildConfiguration;
			buildSettings = {
				ASSETCATALOG_COMPILER_APPICON_NAME = AppIcon;
				ASSETCATALOG_COMPILER_GLOBAL_ACCENT_COLOR_NAME = AccentColor;
				CODE_SIGN_STYLE = Automatic;
				CURRENT_PROJECT_VERSION = 1;
				DEVELOPMENT_ASSET_PATHS = "\"Learning-App/Preview Content\"";
				DEVELOPMENT_TEAM = P775YD9KLQ;
				ENABLE_PREVIEWS = YES;
				GENERATE_INFOPLIST_FILE = YES;
				INFOPLIST_KEY_UIApplicationSceneManifest_Generation = YES;
				INFOPLIST_KEY_UIApplicationSupportsIndirectInputEvents = YES;
				INFOPLIST_KEY_UILaunchScreen_Generation = YES;
				INFOPLIST_KEY_UISupportedInterfaceOrientations_iPad = "UIInterfaceOrientationPortrait UIInterfaceOrientationPortraitUpsideDown UIInterfaceOrientationLandscapeLeft UIInterfaceOrientationLandscapeRight";
				INFOPLIST_KEY_UISupportedInterfaceOrientations_iPhone = "UIInterfaceOrientationPortrait UIInterfaceOrientationLandscapeLeft UIInterfaceOrientationLandscapeRight";
				LD_RUNPATH_SEARCH_PATHS = (
					"$(inherited)",
					"@executable_path/Frameworks",
				);
				MARKETING_VERSION = 1.0;
				PRODUCT_BUNDLE_IDENTIFIER = "com.prishaanand.Learning-App";
				PRODUCT_NAME = "$(TARGET_NAME)";
				SWIFT_EMIT_LOC_STRINGS = YES;
				SWIFT_VERSION = 5.0;
				TARGETED_DEVICE_FAMILY = "1,2";
			};
			name = Release;
		};
/* End XCBuildConfiguration section */

/* Begin XCConfigurationList section */
		B1CA35C728BBFF6400F98BBB /* Build configuration list for PBXProject "Learning-App" */ = {
			isa = XCConfigurationList;
			buildConfigurations = (
				B1CA35D828BBFF6800F98BBB /* Debug */,
				B1CA35D928BBFF6800F98BBB /* Release */,
			);
			defaultConfigurationIsVisible = 0;
			defaultConfigurationName = Release;
		};
		B1CA35DA28BBFF6800F98BBB /* Build configuration list for PBXNativeTarget "Learning-App" */ = {
			isa = XCConfigurationList;
			buildConfigurations = (
				B1CA35DB28BBFF6800F98BBB /* Debug */,
				B1CA35DC28BBFF6800F98BBB /* Release */,
			);
			defaultConfigurationIsVisible = 0;
			defaultConfigurationName = Release;
		};
/* End XCConfigurationList section */
	};
	rootObject = B1CA35C428BBFF6400F98BBB /* Project object */;
}
